// !$*UTF8*$!
{
	archiveVersion = 1;
	classes = {
	};
	objectVersion = 56;
	objects = {

/* Begin PBXBuildFile section */
		A8418348298E356700C0F691 /* ApiEndpoint.swift in Sources */ = {isa = PBXBuildFile; fileRef = A8418347298E356700C0F691 /* ApiEndpoint.swift */; };
		A87A9D87298C7E6900D39D93 /* AppDelegate.swift in Sources */ = {isa = PBXBuildFile; fileRef = A87A9D86298C7E6900D39D93 /* AppDelegate.swift */; };
		A87A9D89298C7E6900D39D93 /* SceneDelegate.swift in Sources */ = {isa = PBXBuildFile; fileRef = A87A9D88298C7E6900D39D93 /* SceneDelegate.swift */; };
		A87A9D8E298C7E6900D39D93 /* Main.storyboard in Resources */ = {isa = PBXBuildFile; fileRef = A87A9D8C298C7E6900D39D93 /* Main.storyboard */; };
		A87A9D93298C7E6D00D39D93 /* LaunchScreen.storyboard in Resources */ = {isa = PBXBuildFile; fileRef = A87A9D91298C7E6D00D39D93 /* LaunchScreen.storyboard */; };
		A87A9D9E298C7E6E00D39D93 /* MovieHubTests.swift in Sources */ = {isa = PBXBuildFile; fileRef = A87A9D9D298C7E6E00D39D93 /* MovieHubTests.swift */; };
		A87A9DA8298C7E6E00D39D93 /* MovieHubUITests.swift in Sources */ = {isa = PBXBuildFile; fileRef = A87A9DA7298C7E6E00D39D93 /* MovieHubUITests.swift */; };
		A87A9DAA298C7E6E00D39D93 /* MovieHubUITestsLaunchTests.swift in Sources */ = {isa = PBXBuildFile; fileRef = A87A9DA9298C7E6E00D39D93 /* MovieHubUITestsLaunchTests.swift */; };
		A8BF6C33298F568C003424BD /* MainTabBarViewController.swift in Sources */ = {isa = PBXBuildFile; fileRef = A8BF6C32298F568C003424BD /* MainTabBarViewController.swift */; };
		A8BF6C36298F56C5003424BD /* HomeCoordinator.swift in Sources */ = {isa = PBXBuildFile; fileRef = A8BF6C35298F56C5003424BD /* HomeCoordinator.swift */; };
		A8BF6C39298F5B40003424BD /* HomeMenuViewController.swift in Sources */ = {isa = PBXBuildFile; fileRef = A8BF6C37298F5B40003424BD /* HomeMenuViewController.swift */; };
		A8BF6C3A298F5B40003424BD /* HomeMenuViewController.xib in Resources */ = {isa = PBXBuildFile; fileRef = A8BF6C38298F5B40003424BD /* HomeMenuViewController.xib */; };
		A8BF6C3D298F5BFB003424BD /* HomeMenuViewModel.swift in Sources */ = {isa = PBXBuildFile; fileRef = A8BF6C3C298F5BFB003424BD /* HomeMenuViewModel.swift */; };
		A8BF6C3F298F5E76003424BD /* HomeMenuViewModelContract.swift in Sources */ = {isa = PBXBuildFile; fileRef = A8BF6C3E298F5E76003424BD /* HomeMenuViewModelContract.swift */; };
		A8BF6C41298F69D9003424BD /* Assets.xcassets in Resources */ = {isa = PBXBuildFile; fileRef = A8BF6C40298F69D9003424BD /* Assets.xcassets */; };
		A8BF6C44298F95F6003424BD /* GenreList.swift in Sources */ = {isa = PBXBuildFile; fileRef = A8BF6C43298F95F6003424BD /* GenreList.swift */; };
		A8BF6C47298F99D0003424BD /* URLComponents+QueryItem.swift in Sources */ = {isa = PBXBuildFile; fileRef = A8BF6C46298F99D0003424BD /* URLComponents+QueryItem.swift */; };
		A8BF6C4B298F9C94003424BD /* MovieListTableViewCell.swift in Sources */ = {isa = PBXBuildFile; fileRef = A8BF6C49298F9C94003424BD /* MovieListTableViewCell.swift */; };
		A8BF6C4C298F9C94003424BD /* MovieListTableViewCell.xib in Resources */ = {isa = PBXBuildFile; fileRef = A8BF6C4A298F9C94003424BD /* MovieListTableViewCell.xib */; };
		A8BF6C4E298F9D2C003424BD /* HomeMenuViewController+TableDataSource.swift in Sources */ = {isa = PBXBuildFile; fileRef = A8BF6C4D298F9D2C003424BD /* HomeMenuViewController+TableDataSource.swift */; };
		A8BF6C50298FA145003424BD /* MoviesModel.swift in Sources */ = {isa = PBXBuildFile; fileRef = A8BF6C4F298FA145003424BD /* MoviesModel.swift */; };
		A8CCCB162991AF3F001D7A8B /* TopMenuCollectionViewCell.swift in Sources */ = {isa = PBXBuildFile; fileRef = A8CCCB142991AF3F001D7A8B /* TopMenuCollectionViewCell.swift */; };
		A8CCCB172991AF3F001D7A8B /* TopMenuCollectionViewCell.xib in Resources */ = {isa = PBXBuildFile; fileRef = A8CCCB152991AF3F001D7A8B /* TopMenuCollectionViewCell.xib */; };
		A8CCCB192991B0F0001D7A8B /* HomeMenuViewController+CollectionView.swift in Sources */ = {isa = PBXBuildFile; fileRef = A8CCCB182991B0F0001D7A8B /* HomeMenuViewController+CollectionView.swift */; };
		A8CCCB1B2991B8F1001D7A8B /* UILable+Font.swift in Sources */ = {isa = PBXBuildFile; fileRef = A8CCCB1A2991B8F1001D7A8B /* UILable+Font.swift */; };
		A8CCCB1E2991C12E001D7A8B /* MovieGenreManger.swift in Sources */ = {isa = PBXBuildFile; fileRef = A8CCCB1D2991C12E001D7A8B /* MovieGenreManger.swift */; };
		A8CD18942990672800F1782A /* AlamofireImage in Frameworks */ = {isa = PBXBuildFile; productRef = A8CD18932990672800F1782A /* AlamofireImage */; };
		A8CD189629906AC800F1782A /* WebServiceContract+AlamofireImage.swift in Sources */ = {isa = PBXBuildFile; fileRef = A8CD189529906AC800F1782A /* WebServiceContract+AlamofireImage.swift */; };
		A8D1D5C4298DC58B003E230A /* WebService.swift in Sources */ = {isa = PBXBuildFile; fileRef = A8D1D5C3298DC58B003E230A /* WebService.swift */; };
		A8D1D5C6298DC5B9003E230A /* WebServiceContract.swift in Sources */ = {isa = PBXBuildFile; fileRef = A8D1D5C5298DC5B9003E230A /* WebServiceContract.swift */; };
		A8D1D5CA298DC702003E230A /* WebServiceResponse.swift in Sources */ = {isa = PBXBuildFile; fileRef = A8D1D5C9298DC702003E230A /* WebServiceResponse.swift */; };
		A8D1D5CC298DC77B003E230A /* WebServiceRequest.swift in Sources */ = {isa = PBXBuildFile; fileRef = A8D1D5CB298DC77B003E230A /* WebServiceRequest.swift */; };
		A8E7AE4B298FEDAC00BF302B /* UIView+Shadow.swift in Sources */ = {isa = PBXBuildFile; fileRef = A8E7AE4A298FEDAC00BF302B /* UIView+Shadow.swift */; };
		A8F9A2D3298EAACA00D3470D /* WebServiceFailure.swift in Sources */ = {isa = PBXBuildFile; fileRef = A8F9A2D2298EAACA00D3470D /* WebServiceFailure.swift */; };
		A8F9A2D7298EB8BE00D3470D /* BaseCoordinator.swift in Sources */ = {isa = PBXBuildFile; fileRef = A8F9A2D5298EB8BE00D3470D /* BaseCoordinator.swift */; };
		A8F9A2D8298EB8BE00D3470D /* BaseCoordinatorContract.swift in Sources */ = {isa = PBXBuildFile; fileRef = A8F9A2D6298EB8BE00D3470D /* BaseCoordinatorContract.swift */; };
/* End PBXBuildFile section */

/* Begin PBXContainerItemProxy section */
		A87A9D9A298C7E6E00D39D93 /* PBXContainerItemProxy */ = {
			isa = PBXContainerItemProxy;
			containerPortal = A87A9D7B298C7E6900D39D93 /* Project object */;
			proxyType = 1;
			remoteGlobalIDString = A87A9D82298C7E6900D39D93;
			remoteInfo = MovieHub;
		};
		A87A9DA4298C7E6E00D39D93 /* PBXContainerItemProxy */ = {
			isa = PBXContainerItemProxy;
			containerPortal = A87A9D7B298C7E6900D39D93 /* Project object */;
			proxyType = 1;
			remoteGlobalIDString = A87A9D82298C7E6900D39D93;
			remoteInfo = MovieHub;
		};
/* End PBXContainerItemProxy section */

/* Begin PBXFileReference section */
		A8418347298E356700C0F691 /* ApiEndpoint.swift */ = {isa = PBXFileReference; lastKnownFileType = sourcecode.swift; path = ApiEndpoint.swift; sourceTree = "<group>"; };
		A87A9D83298C7E6900D39D93 /* MovieHub.app */ = {isa = PBXFileReference; explicitFileType = wrapper.application; includeInIndex = 0; path = MovieHub.app; sourceTree = BUILT_PRODUCTS_DIR; };
		A87A9D86298C7E6900D39D93 /* AppDelegate.swift */ = {isa = PBXFileReference; lastKnownFileType = sourcecode.swift; path = AppDelegate.swift; sourceTree = "<group>"; };
		A87A9D88298C7E6900D39D93 /* SceneDelegate.swift */ = {isa = PBXFileReference; lastKnownFileType = sourcecode.swift; path = SceneDelegate.swift; sourceTree = "<group>"; };
		A87A9D8D298C7E6900D39D93 /* Base */ = {isa = PBXFileReference; lastKnownFileType = file.storyboard; name = Base; path = Base.lproj/Main.storyboard; sourceTree = "<group>"; };
		A87A9D92298C7E6D00D39D93 /* Base */ = {isa = PBXFileReference; lastKnownFileType = file.storyboard; name = Base; path = Base.lproj/LaunchScreen.storyboard; sourceTree = "<group>"; };
		A87A9D94298C7E6D00D39D93 /* Info.plist */ = {isa = PBXFileReference; lastKnownFileType = text.plist.xml; path = Info.plist; sourceTree = "<group>"; };
		A87A9D99298C7E6E00D39D93 /* MovieHubTests.xctest */ = {isa = PBXFileReference; explicitFileType = wrapper.cfbundle; includeInIndex = 0; path = MovieHubTests.xctest; sourceTree = BUILT_PRODUCTS_DIR; };
		A87A9D9D298C7E6E00D39D93 /* MovieHubTests.swift */ = {isa = PBXFileReference; lastKnownFileType = sourcecode.swift; path = MovieHubTests.swift; sourceTree = "<group>"; };
		A87A9DA3298C7E6E00D39D93 /* MovieHubUITests.xctest */ = {isa = PBXFileReference; explicitFileType = wrapper.cfbundle; includeInIndex = 0; path = MovieHubUITests.xctest; sourceTree = BUILT_PRODUCTS_DIR; };
		A87A9DA7298C7E6E00D39D93 /* MovieHubUITests.swift */ = {isa = PBXFileReference; lastKnownFileType = sourcecode.swift; path = MovieHubUITests.swift; sourceTree = "<group>"; };
		A87A9DA9298C7E6E00D39D93 /* MovieHubUITestsLaunchTests.swift */ = {isa = PBXFileReference; lastKnownFileType = sourcecode.swift; path = MovieHubUITestsLaunchTests.swift; sourceTree = "<group>"; };
		A8BF6C32298F568C003424BD /* MainTabBarViewController.swift */ = {isa = PBXFileReference; lastKnownFileType = sourcecode.swift; path = MainTabBarViewController.swift; sourceTree = "<group>"; };
		A8BF6C35298F56C5003424BD /* HomeCoordinator.swift */ = {isa = PBXFileReference; lastKnownFileType = sourcecode.swift; path = HomeCoordinator.swift; sourceTree = "<group>"; };
		A8BF6C37298F5B40003424BD /* HomeMenuViewController.swift */ = {isa = PBXFileReference; lastKnownFileType = sourcecode.swift; path = HomeMenuViewController.swift; sourceTree = "<group>"; };
		A8BF6C38298F5B40003424BD /* HomeMenuViewController.xib */ = {isa = PBXFileReference; lastKnownFileType = file.xib; path = HomeMenuViewController.xib; sourceTree = "<group>"; };
		A8BF6C3C298F5BFB003424BD /* HomeMenuViewModel.swift */ = {isa = PBXFileReference; lastKnownFileType = sourcecode.swift; path = HomeMenuViewModel.swift; sourceTree = "<group>"; };
		A8BF6C3E298F5E76003424BD /* HomeMenuViewModelContract.swift */ = {isa = PBXFileReference; lastKnownFileType = sourcecode.swift; path = HomeMenuViewModelContract.swift; sourceTree = "<group>"; };
		A8BF6C40298F69D9003424BD /* Assets.xcassets */ = {isa = PBXFileReference; lastKnownFileType = folder.assetcatalog; path = Assets.xcassets; sourceTree = "<group>"; };
		A8BF6C43298F95F6003424BD /* GenreList.swift */ = {isa = PBXFileReference; lastKnownFileType = sourcecode.swift; path = GenreList.swift; sourceTree = "<group>"; };
		A8BF6C46298F99D0003424BD /* URLComponents+QueryItem.swift */ = {isa = PBXFileReference; lastKnownFileType = sourcecode.swift; path = "URLComponents+QueryItem.swift"; sourceTree = "<group>"; };
		A8BF6C49298F9C94003424BD /* MovieListTableViewCell.swift */ = {isa = PBXFileReference; lastKnownFileType = sourcecode.swift; path = MovieListTableViewCell.swift; sourceTree = "<group>"; };
		A8BF6C4A298F9C94003424BD /* MovieListTableViewCell.xib */ = {isa = PBXFileReference; lastKnownFileType = file.xib; path = MovieListTableViewCell.xib; sourceTree = "<group>"; };
		A8BF6C4D298F9D2C003424BD /* HomeMenuViewController+TableDataSource.swift */ = {isa = PBXFileReference; lastKnownFileType = sourcecode.swift; path = "HomeMenuViewController+TableDataSource.swift"; sourceTree = "<group>"; };
		A8BF6C4F298FA145003424BD /* MoviesModel.swift */ = {isa = PBXFileReference; lastKnownFileType = sourcecode.swift; path = MoviesModel.swift; sourceTree = "<group>"; };
		A8CCCB142991AF3F001D7A8B /* TopMenuCollectionViewCell.swift */ = {isa = PBXFileReference; lastKnownFileType = sourcecode.swift; path = TopMenuCollectionViewCell.swift; sourceTree = "<group>"; };
		A8CCCB152991AF3F001D7A8B /* TopMenuCollectionViewCell.xib */ = {isa = PBXFileReference; lastKnownFileType = file.xib; path = TopMenuCollectionViewCell.xib; sourceTree = "<group>"; };
		A8CCCB182991B0F0001D7A8B /* HomeMenuViewController+CollectionView.swift */ = {isa = PBXFileReference; lastKnownFileType = sourcecode.swift; path = "HomeMenuViewController+CollectionView.swift"; sourceTree = "<group>"; };
		A8CCCB1A2991B8F1001D7A8B /* UILable+Font.swift */ = {isa = PBXFileReference; lastKnownFileType = sourcecode.swift; path = "UILable+Font.swift"; sourceTree = "<group>"; };
		A8CCCB1D2991C12E001D7A8B /* MovieGenreManger.swift */ = {isa = PBXFileReference; lastKnownFileType = sourcecode.swift; path = MovieGenreManger.swift; sourceTree = "<group>"; };
		A8CD189529906AC800F1782A /* WebServiceContract+AlamofireImage.swift */ = {isa = PBXFileReference; lastKnownFileType = sourcecode.swift; path = "WebServiceContract+AlamofireImage.swift"; sourceTree = "<group>"; };
		A8D1D5C3298DC58B003E230A /* WebService.swift */ = {isa = PBXFileReference; lastKnownFileType = sourcecode.swift; path = WebService.swift; sourceTree = "<group>"; };
		A8D1D5C5298DC5B9003E230A /* WebServiceContract.swift */ = {isa = PBXFileReference; lastKnownFileType = sourcecode.swift; path = WebServiceContract.swift; sourceTree = "<group>"; };
		A8D1D5C9298DC702003E230A /* WebServiceResponse.swift */ = {isa = PBXFileReference; lastKnownFileType = sourcecode.swift; path = WebServiceResponse.swift; sourceTree = "<group>"; };
		A8D1D5CB298DC77B003E230A /* WebServiceRequest.swift */ = {isa = PBXFileReference; lastKnownFileType = sourcecode.swift; path = WebServiceRequest.swift; sourceTree = "<group>"; };
		A8E7AE4A298FEDAC00BF302B /* UIView+Shadow.swift */ = {isa = PBXFileReference; lastKnownFileType = sourcecode.swift; path = "UIView+Shadow.swift"; sourceTree = "<group>"; };
		A8F9A2D2298EAACA00D3470D /* WebServiceFailure.swift */ = {isa = PBXFileReference; lastKnownFileType = sourcecode.swift; path = WebServiceFailure.swift; sourceTree = "<group>"; };
		A8F9A2D5298EB8BE00D3470D /* BaseCoordinator.swift */ = {isa = PBXFileReference; fileEncoding = 4; lastKnownFileType = sourcecode.swift; path = BaseCoordinator.swift; sourceTree = "<group>"; };
		A8F9A2D6298EB8BE00D3470D /* BaseCoordinatorContract.swift */ = {isa = PBXFileReference; fileEncoding = 4; lastKnownFileType = sourcecode.swift; path = BaseCoordinatorContract.swift; sourceTree = "<group>"; };
/* End PBXFileReference section */

/* Begin PBXFrameworksBuildPhase section */
		A87A9D80298C7E6900D39D93 /* Frameworks */ = {
			isa = PBXFrameworksBuildPhase;
			buildActionMask = 2147483647;
			files = (
				A8CD18942990672800F1782A /* AlamofireImage in Frameworks */,
			);
			runOnlyForDeploymentPostprocessing = 0;
		};
		A87A9D96298C7E6E00D39D93 /* Frameworks */ = {
			isa = PBXFrameworksBuildPhase;
			buildActionMask = 2147483647;
			files = (
			);
			runOnlyForDeploymentPostprocessing = 0;
		};
		A87A9DA0298C7E6E00D39D93 /* Frameworks */ = {
			isa = PBXFrameworksBuildPhase;
			buildActionMask = 2147483647;
			files = (
			);
			runOnlyForDeploymentPostprocessing = 0;
		};
/* End PBXFrameworksBuildPhase section */

/* Begin PBXGroup section */
		A87A9D7A298C7E6900D39D93 = {
			isa = PBXGroup;
			children = (
				A87A9D85298C7E6900D39D93 /* MovieHub */,
				A87A9D9C298C7E6E00D39D93 /* MovieHubTests */,
				A87A9DA6298C7E6E00D39D93 /* MovieHubUITests */,
				A87A9D84298C7E6900D39D93 /* Products */,
			);
			sourceTree = "<group>";
		};
		A87A9D84298C7E6900D39D93 /* Products */ = {
			isa = PBXGroup;
			children = (
				A87A9D83298C7E6900D39D93 /* MovieHub.app */,
				A87A9D99298C7E6E00D39D93 /* MovieHubTests.xctest */,
				A87A9DA3298C7E6E00D39D93 /* MovieHubUITests.xctest */,
			);
			name = Products;
			sourceTree = "<group>";
		};
		A87A9D85298C7E6900D39D93 /* MovieHub */ = {
			isa = PBXGroup;
			children = (
				A8D1D5C1298DC355003E230A /* CommonFiles */,
				A87A9DB6298C7FCC00D39D93 /* Home */,
				A87A9D86298C7E6900D39D93 /* AppDelegate.swift */,
				A8BF6C32298F568C003424BD /* MainTabBarViewController.swift */,
				A87A9D88298C7E6900D39D93 /* SceneDelegate.swift */,
				A87A9D8C298C7E6900D39D93 /* Main.storyboard */,
				A87A9D91298C7E6D00D39D93 /* LaunchScreen.storyboard */,
				A8BF6C40298F69D9003424BD /* Assets.xcassets */,
				A87A9D94298C7E6D00D39D93 /* Info.plist */,
			);
			path = MovieHub;
			sourceTree = "<group>";
		};
		A87A9D9C298C7E6E00D39D93 /* MovieHubTests */ = {
			isa = PBXGroup;
			children = (
				A87A9D9D298C7E6E00D39D93 /* MovieHubTests.swift */,
			);
			path = MovieHubTests;
			sourceTree = "<group>";
		};
		A87A9DA6298C7E6E00D39D93 /* MovieHubUITests */ = {
			isa = PBXGroup;
			children = (
				A87A9DA7298C7E6E00D39D93 /* MovieHubUITests.swift */,
				A87A9DA9298C7E6E00D39D93 /* MovieHubUITestsLaunchTests.swift */,
			);
			path = MovieHubUITests;
			sourceTree = "<group>";
		};
		A87A9DB6298C7FCC00D39D93 /* Home */ = {
			isa = PBXGroup;
			children = (
				A8BF6C42298F95A4003424BD /* Model */,
				A8BF6C3B298F5BDE003424BD /* ViewModel */,
				A8BF6C34298F56AC003424BD /* Coordinator */,
				A87A9DC4298D03D200D39D93 /* View */,
			);
			path = Home;
			sourceTree = "<group>";
		};
		A87A9DC4298D03D200D39D93 /* View */ = {
			isa = PBXGroup;
			children = (
				A8BF6C48298F9C74003424BD /* View */,
				A87A9DC5298D03DA00D39D93 /* ViewController */,
			);
			path = View;
			sourceTree = "<group>";
		};
		A87A9DC5298D03DA00D39D93 /* ViewController */ = {
			isa = PBXGroup;
			children = (
				A8BF6C37298F5B40003424BD /* HomeMenuViewController.swift */,
				A8CCCB182991B0F0001D7A8B /* HomeMenuViewController+CollectionView.swift */,
				A8BF6C4D298F9D2C003424BD /* HomeMenuViewController+TableDataSource.swift */,
				A8BF6C38298F5B40003424BD /* HomeMenuViewController.xib */,
			);
			path = ViewController;
			sourceTree = "<group>";
		};
		A8BF6C34298F56AC003424BD /* Coordinator */ = {
			isa = PBXGroup;
			children = (
				A8BF6C35298F56C5003424BD /* HomeCoordinator.swift */,
			);
			path = Coordinator;
			sourceTree = "<group>";
		};
		A8BF6C3B298F5BDE003424BD /* ViewModel */ = {
			isa = PBXGroup;
			children = (
				A8BF6C3C298F5BFB003424BD /* HomeMenuViewModel.swift */,
				A8BF6C3E298F5E76003424BD /* HomeMenuViewModelContract.swift */,
			);
			path = ViewModel;
			sourceTree = "<group>";
		};
		A8BF6C42298F95A4003424BD /* Model */ = {
			isa = PBXGroup;
			children = (
				A8BF6C43298F95F6003424BD /* GenreList.swift */,
				A8BF6C4F298FA145003424BD /* MoviesModel.swift */,
			);
			path = Model;
			sourceTree = "<group>";
		};
		A8BF6C45298F996B003424BD /* Utility */ = {
			isa = PBXGroup;
			children = (
				A8BF6C46298F99D0003424BD /* URLComponents+QueryItem.swift */,
				A8E7AE4A298FEDAC00BF302B /* UIView+Shadow.swift */,
				A8CCCB1A2991B8F1001D7A8B /* UILable+Font.swift */,
			);
			path = Utility;
			sourceTree = "<group>";
		};
		A8BF6C48298F9C74003424BD /* View */ = {
			isa = PBXGroup;
			children = (
				A8BF6C49298F9C94003424BD /* MovieListTableViewCell.swift */,
				A8BF6C4A298F9C94003424BD /* MovieListTableViewCell.xib */,
				A8CCCB142991AF3F001D7A8B /* TopMenuCollectionViewCell.swift */,
				A8CCCB152991AF3F001D7A8B /* TopMenuCollectionViewCell.xib */,
			);
			path = View;
			sourceTree = "<group>";
		};
		A8CCCB1C2991C0F7001D7A8B /* SharedInstance */ = {
			isa = PBXGroup;
			children = (
				A8CCCB1D2991C12E001D7A8B /* MovieGenreManger.swift */,
			);
			path = SharedInstance;
			sourceTree = "<group>";
		};
		A8D1D5C1298DC355003E230A /* CommonFiles */ = {
			isa = PBXGroup;
			children = (
				A8CCCB1C2991C0F7001D7A8B /* SharedInstance */,
				A8BF6C45298F996B003424BD /* Utility */,
				A8F9A2D4298EB8BE00D3470D /* Coordinator */,
				A8D1D5C2298DC364003E230A /* WebService */,
			);
			path = CommonFiles;
			sourceTree = "<group>";
		};
		A8D1D5C2298DC364003E230A /* WebService */ = {
			isa = PBXGroup;
			children = (
				A8D1D5C3298DC58B003E230A /* WebService.swift */,
				A8D1D5C5298DC5B9003E230A /* WebServiceContract.swift */,
				A8CD189529906AC800F1782A /* WebServiceContract+AlamofireImage.swift */,
				A8D1D5C9298DC702003E230A /* WebServiceResponse.swift */,
				A8D1D5CB298DC77B003E230A /* WebServiceRequest.swift */,
				A8418347298E356700C0F691 /* ApiEndpoint.swift */,
				A8F9A2D2298EAACA00D3470D /* WebServiceFailure.swift */,
			);
			path = WebService;
			sourceTree = "<group>";
		};
		A8F9A2D4298EB8BE00D3470D /* Coordinator */ = {
			isa = PBXGroup;
			children = (
				A8F9A2D5298EB8BE00D3470D /* BaseCoordinator.swift */,
				A8F9A2D6298EB8BE00D3470D /* BaseCoordinatorContract.swift */,
			);
			path = Coordinator;
			sourceTree = "<group>";
		};
/* End PBXGroup section */

/* Begin PBXNativeTarget section */
		A87A9D82298C7E6900D39D93 /* MovieHub */ = {
			isa = PBXNativeTarget;
			buildConfigurationList = A87A9DAD298C7E6E00D39D93 /* Build configuration list for PBXNativeTarget "MovieHub" */;
			buildPhases = (
				A87A9D7F298C7E6900D39D93 /* Sources */,
				A87A9D80298C7E6900D39D93 /* Frameworks */,
				A87A9D81298C7E6900D39D93 /* Resources */,
			);
			buildRules = (
			);
			dependencies = (
			);
			name = MovieHub;
			packageProductDependencies = (
				A8CD18932990672800F1782A /* AlamofireImage */,
			);
			productName = MovieHub;
			productReference = A87A9D83298C7E6900D39D93 /* MovieHub.app */;
			productType = "com.apple.product-type.application";
		};
		A87A9D98298C7E6E00D39D93 /* MovieHubTests */ = {
			isa = PBXNativeTarget;
			buildConfigurationList = A87A9DB0298C7E6E00D39D93 /* Build configuration list for PBXNativeTarget "MovieHubTests" */;
			buildPhases = (
				A87A9D95298C7E6E00D39D93 /* Sources */,
				A87A9D96298C7E6E00D39D93 /* Frameworks */,
				A87A9D97298C7E6E00D39D93 /* Resources */,
			);
			buildRules = (
			);
			dependencies = (
				A87A9D9B298C7E6E00D39D93 /* PBXTargetDependency */,
			);
			name = MovieHubTests;
			productName = MovieHubTests;
			productReference = A87A9D99298C7E6E00D39D93 /* MovieHubTests.xctest */;
			productType = "com.apple.product-type.bundle.unit-test";
		};
		A87A9DA2298C7E6E00D39D93 /* MovieHubUITests */ = {
			isa = PBXNativeTarget;
			buildConfigurationList = A87A9DB3298C7E6E00D39D93 /* Build configuration list for PBXNativeTarget "MovieHubUITests" */;
			buildPhases = (
				A87A9D9F298C7E6E00D39D93 /* Sources */,
				A87A9DA0298C7E6E00D39D93 /* Frameworks */,
				A87A9DA1298C7E6E00D39D93 /* Resources */,
			);
			buildRules = (
			);
			dependencies = (
				A87A9DA5298C7E6E00D39D93 /* PBXTargetDependency */,
			);
			name = MovieHubUITests;
			productName = MovieHubUITests;
			productReference = A87A9DA3298C7E6E00D39D93 /* MovieHubUITests.xctest */;
			productType = "com.apple.product-type.bundle.ui-testing";
		};
/* End PBXNativeTarget section */

/* Begin PBXProject section */
		A87A9D7B298C7E6900D39D93 /* Project object */ = {
			isa = PBXProject;
			attributes = {
				BuildIndependentTargetsInParallel = 1;
				LastSwiftUpdateCheck = 1420;
				LastUpgradeCheck = 1420;
				TargetAttributes = {
					A87A9D82298C7E6900D39D93 = {
						CreatedOnToolsVersion = 14.2;
					};
					A87A9D98298C7E6E00D39D93 = {
						CreatedOnToolsVersion = 14.2;
						TestTargetID = A87A9D82298C7E6900D39D93;
					};
					A87A9DA2298C7E6E00D39D93 = {
						CreatedOnToolsVersion = 14.2;
						TestTargetID = A87A9D82298C7E6900D39D93;
					};
				};
			};
			buildConfigurationList = A87A9D7E298C7E6900D39D93 /* Build configuration list for PBXProject "MovieHub" */;
			compatibilityVersion = "Xcode 14.0";
			developmentRegion = en;
			hasScannedForEncodings = 0;
			knownRegions = (
				en,
				Base,
			);
			mainGroup = A87A9D7A298C7E6900D39D93;
			packageReferences = (
				A8CD18922990672700F1782A /* XCRemoteSwiftPackageReference "AlamofireImage" */,
			);
			productRefGroup = A87A9D84298C7E6900D39D93 /* Products */;
			projectDirPath = "";
			projectRoot = "";
			targets = (
				A87A9D82298C7E6900D39D93 /* MovieHub */,
				A87A9D98298C7E6E00D39D93 /* MovieHubTests */,
				A87A9DA2298C7E6E00D39D93 /* MovieHubUITests */,
			);
		};
/* End PBXProject section */

/* Begin PBXResourcesBuildPhase section */
		A87A9D81298C7E6900D39D93 /* Resources */ = {
			isa = PBXResourcesBuildPhase;
			buildActionMask = 2147483647;
			files = (
				A8BF6C4C298F9C94003424BD /* MovieListTableViewCell.xib in Resources */,
				A8BF6C3A298F5B40003424BD /* HomeMenuViewController.xib in Resources */,
				A87A9D93298C7E6D00D39D93 /* LaunchScreen.storyboard in Resources */,
				A8BF6C41298F69D9003424BD /* Assets.xcassets in Resources */,
				A87A9D8E298C7E6900D39D93 /* Main.storyboard in Resources */,
				A8CCCB172991AF3F001D7A8B /* TopMenuCollectionViewCell.xib in Resources */,
			);
			runOnlyForDeploymentPostprocessing = 0;
		};
		A87A9D97298C7E6E00D39D93 /* Resources */ = {
			isa = PBXResourcesBuildPhase;
			buildActionMask = 2147483647;
			files = (
			);
			runOnlyForDeploymentPostprocessing = 0;
		};
		A87A9DA1298C7E6E00D39D93 /* Resources */ = {
			isa = PBXResourcesBuildPhase;
			buildActionMask = 2147483647;
			files = (
			);
			runOnlyForDeploymentPostprocessing = 0;
		};
/* End PBXResourcesBuildPhase section */

/* Begin PBXSourcesBuildPhase section */
		A87A9D7F298C7E6900D39D93 /* Sources */ = {
			isa = PBXSourcesBuildPhase;
			buildActionMask = 2147483647;
			files = (
				A8D1D5C6298DC5B9003E230A /* WebServiceContract.swift in Sources */,
				A8D1D5C4298DC58B003E230A /* WebService.swift in Sources */,
				A8BF6C3D298F5BFB003424BD /* HomeMenuViewModel.swift in Sources */,
				A87A9D87298C7E6900D39D93 /* AppDelegate.swift in Sources */,
				A8418348298E356700C0F691 /* ApiEndpoint.swift in Sources */,
				A8CCCB1B2991B8F1001D7A8B /* UILable+Font.swift in Sources */,
				A8F9A2D8298EB8BE00D3470D /* BaseCoordinatorContract.swift in Sources */,
				A8F9A2D3298EAACA00D3470D /* WebServiceFailure.swift in Sources */,
				A8CCCB1E2991C12E001D7A8B /* MovieGenreManger.swift in Sources */,
				A8CD189629906AC800F1782A /* WebServiceContract+AlamofireImage.swift in Sources */,
				A8E7AE4B298FEDAC00BF302B /* UIView+Shadow.swift in Sources */,
				A8BF6C44298F95F6003424BD /* GenreList.swift in Sources */,
				A8F9A2D7298EB8BE00D3470D /* BaseCoordinator.swift in Sources */,
				A8BF6C36298F56C5003424BD /* HomeCoordinator.swift in Sources */,
				A8BF6C4E298F9D2C003424BD /* HomeMenuViewController+TableDataSource.swift in Sources */,
				A8D1D5CC298DC77B003E230A /* WebServiceRequest.swift in Sources */,
				A8BF6C39298F5B40003424BD /* HomeMenuViewController.swift in Sources */,
				A8BF6C47298F99D0003424BD /* URLComponents+QueryItem.swift in Sources */,
				A8BF6C33298F568C003424BD /* MainTabBarViewController.swift in Sources */,
				A8D1D5CA298DC702003E230A /* WebServiceResponse.swift in Sources */,
				A87A9D89298C7E6900D39D93 /* SceneDelegate.swift in Sources */,
				A8BF6C4B298F9C94003424BD /* MovieListTableViewCell.swift in Sources */,
				A8BF6C50298FA145003424BD /* MoviesModel.swift in Sources */,
				A8CCCB192991B0F0001D7A8B /* HomeMenuViewController+CollectionView.swift in Sources */,
				A8CCCB162991AF3F001D7A8B /* TopMenuCollectionViewCell.swift in Sources */,
				A8BF6C3F298F5E76003424BD /* HomeMenuViewModelContract.swift in Sources */,
			);
			runOnlyForDeploymentPostprocessing = 0;
		};
		A87A9D95298C7E6E00D39D93 /* Sources */ = {
			isa = PBXSourcesBuildPhase;
			buildActionMask = 2147483647;
			files = (
				A87A9D9E298C7E6E00D39D93 /* MovieHubTests.swift in Sources */,
			);
			runOnlyForDeploymentPostprocessing = 0;
		};
		A87A9D9F298C7E6E00D39D93 /* Sources */ = {
			isa = PBXSourcesBuildPhase;
			buildActionMask = 2147483647;
			files = (
				A87A9DAA298C7E6E00D39D93 /* MovieHubUITestsLaunchTests.swift in Sources */,
				A87A9DA8298C7E6E00D39D93 /* MovieHubUITests.swift in Sources */,
			);
			runOnlyForDeploymentPostprocessing = 0;
		};
/* End PBXSourcesBuildPhase section */

/* Begin PBXTargetDependency section */
		A87A9D9B298C7E6E00D39D93 /* PBXTargetDependency */ = {
			isa = PBXTargetDependency;
			target = A87A9D82298C7E6900D39D93 /* MovieHub */;
			targetProxy = A87A9D9A298C7E6E00D39D93 /* PBXContainerItemProxy */;
		};
		A87A9DA5298C7E6E00D39D93 /* PBXTargetDependency */ = {
			isa = PBXTargetDependency;
			target = A87A9D82298C7E6900D39D93 /* MovieHub */;
			targetProxy = A87A9DA4298C7E6E00D39D93 /* PBXContainerItemProxy */;
		};
/* End PBXTargetDependency section */

/* Begin PBXVariantGroup section */
		A87A9D8C298C7E6900D39D93 /* Main.storyboard */ = {
			isa = PBXVariantGroup;
			children = (
				A87A9D8D298C7E6900D39D93 /* Base */,
			);
			name = Main.storyboard;
			sourceTree = "<group>";
		};
		A87A9D91298C7E6D00D39D93 /* LaunchScreen.storyboard */ = {
			isa = PBXVariantGroup;
			children = (
				A87A9D92298C7E6D00D39D93 /* Base */,
			);
			name = LaunchScreen.storyboard;
			sourceTree = "<group>";
		};
/* End PBXVariantGroup section */

/* Begin XCBuildConfiguration section */
		A87A9DAB298C7E6E00D39D93 /* Debug */ = {
			isa = XCBuildConfiguration;
			buildSettings = {
				ALWAYS_SEARCH_USER_PATHS = NO;
				CLANG_ANALYZER_NONNULL = YES;
				CLANG_ANALYZER_NUMBER_OBJECT_CONVERSION = YES_AGGRESSIVE;
				CLANG_CXX_LANGUAGE_STANDARD = "gnu++20";
				CLANG_ENABLE_MODULES = YES;
				CLANG_ENABLE_OBJC_ARC = YES;
				CLANG_ENABLE_OBJC_WEAK = YES;
				CLANG_WARN_BLOCK_CAPTURE_AUTORELEASING = YES;
				CLANG_WARN_BOOL_CONVERSION = YES;
				CLANG_WARN_COMMA = YES;
				CLANG_WARN_CONSTANT_CONVERSION = YES;
				CLANG_WARN_DEPRECATED_OBJC_IMPLEMENTATIONS = YES;
				CLANG_WARN_DIRECT_OBJC_ISA_USAGE = YES_ERROR;
				CLANG_WARN_DOCUMENTATION_COMMENTS = YES;
				CLANG_WARN_EMPTY_BODY = YES;
				CLANG_WARN_ENUM_CONVERSION = YES;
				CLANG_WARN_INFINITE_RECURSION = YES;
				CLANG_WARN_INT_CONVERSION = YES;
				CLANG_WARN_NON_LITERAL_NULL_CONVERSION = YES;
				CLANG_WARN_OBJC_IMPLICIT_RETAIN_SELF = YES;
				CLANG_WARN_OBJC_LITERAL_CONVERSION = YES;
				CLANG_WARN_OBJC_ROOT_CLASS = YES_ERROR;
				CLANG_WARN_QUOTED_INCLUDE_IN_FRAMEWORK_HEADER = YES;
				CLANG_WARN_RANGE_LOOP_ANALYSIS = YES;
				CLANG_WARN_STRICT_PROTOTYPES = YES;
				CLANG_WARN_SUSPICIOUS_MOVE = YES;
				CLANG_WARN_UNGUARDED_AVAILABILITY = YES_AGGRESSIVE;
				CLANG_WARN_UNREACHABLE_CODE = YES;
				CLANG_WARN__DUPLICATE_METHOD_MATCH = YES;
				COPY_PHASE_STRIP = NO;
				DEBUG_INFORMATION_FORMAT = dwarf;
				ENABLE_STRICT_OBJC_MSGSEND = YES;
				ENABLE_TESTABILITY = YES;
				GCC_C_LANGUAGE_STANDARD = gnu11;
				GCC_DYNAMIC_NO_PIC = NO;
				GCC_NO_COMMON_BLOCKS = YES;
				GCC_OPTIMIZATION_LEVEL = 0;
				GCC_PREPROCESSOR_DEFINITIONS = (
					"DEBUG=1",
					"$(inherited)",
				);
				GCC_WARN_64_TO_32_BIT_CONVERSION = YES;
				GCC_WARN_ABOUT_RETURN_TYPE = YES_ERROR;
				GCC_WARN_UNDECLARED_SELECTOR = YES;
				GCC_WARN_UNINITIALIZED_AUTOS = YES_AGGRESSIVE;
				GCC_WARN_UNUSED_FUNCTION = YES;
				GCC_WARN_UNUSED_VARIABLE = YES;
				IPHONEOS_DEPLOYMENT_TARGET = 16.2;
				MTL_ENABLE_DEBUG_INFO = INCLUDE_SOURCE;
				MTL_FAST_MATH = YES;
				ONLY_ACTIVE_ARCH = YES;
				SDKROOT = iphoneos;
				SWIFT_ACTIVE_COMPILATION_CONDITIONS = DEBUG;
				SWIFT_OPTIMIZATION_LEVEL = "-Onone";
			};
			name = Debug;
		};
		A87A9DAC298C7E6E00D39D93 /* Release */ = {
			isa = XCBuildConfiguration;
			buildSettings = {
				ALWAYS_SEARCH_USER_PATHS = NO;
				CLANG_ANALYZER_NONNULL = YES;
				CLANG_ANALYZER_NUMBER_OBJECT_CONVERSION = YES_AGGRESSIVE;
				CLANG_CXX_LANGUAGE_STANDARD = "gnu++20";
				CLANG_ENABLE_MODULES = YES;
				CLANG_ENABLE_OBJC_ARC = YES;
				CLANG_ENABLE_OBJC_WEAK = YES;
				CLANG_WARN_BLOCK_CAPTURE_AUTORELEASING = YES;
				CLANG_WARN_BOOL_CONVERSION = YES;
				CLANG_WARN_COMMA = YES;
				CLANG_WARN_CONSTANT_CONVERSION = YES;
				CLANG_WARN_DEPRECATED_OBJC_IMPLEMENTATIONS = YES;
				CLANG_WARN_DIRECT_OBJC_ISA_USAGE = YES_ERROR;
				CLANG_WARN_DOCUMENTATION_COMMENTS = YES;
				CLANG_WARN_EMPTY_BODY = YES;
				CLANG_WARN_ENUM_CONVERSION = YES;
				CLANG_WARN_INFINITE_RECURSION = YES;
				CLANG_WARN_INT_CONVERSION = YES;
				CLANG_WARN_NON_LITERAL_NULL_CONVERSION = YES;
				CLANG_WARN_OBJC_IMPLICIT_RETAIN_SELF = YES;
				CLANG_WARN_OBJC_LITERAL_CONVERSION = YES;
				CLANG_WARN_OBJC_ROOT_CLASS = YES_ERROR;
				CLANG_WARN_QUOTED_INCLUDE_IN_FRAMEWORK_HEADER = YES;
				CLANG_WARN_RANGE_LOOP_ANALYSIS = YES;
				CLANG_WARN_STRICT_PROTOTYPES = YES;
				CLANG_WARN_SUSPICIOUS_MOVE = YES;
				CLANG_WARN_UNGUARDED_AVAILABILITY = YES_AGGRESSIVE;
				CLANG_WARN_UNREACHABLE_CODE = YES;
				CLANG_WARN__DUPLICATE_METHOD_MATCH = YES;
				COPY_PHASE_STRIP = NO;
				DEBUG_INFORMATION_FORMAT = "dwarf-with-dsym";
				ENABLE_NS_ASSERTIONS = NO;
				ENABLE_STRICT_OBJC_MSGSEND = YES;
				GCC_C_LANGUAGE_STANDARD = gnu11;
				GCC_NO_COMMON_BLOCKS = YES;
				GCC_WARN_64_TO_32_BIT_CONVERSION = YES;
				GCC_WARN_ABOUT_RETURN_TYPE = YES_ERROR;
				GCC_WARN_UNDECLARED_SELECTOR = YES;
				GCC_WARN_UNINITIALIZED_AUTOS = YES_AGGRESSIVE;
				GCC_WARN_UNUSED_FUNCTION = YES;
				GCC_WARN_UNUSED_VARIABLE = YES;
				IPHONEOS_DEPLOYMENT_TARGET = 16.2;
				MTL_ENABLE_DEBUG_INFO = NO;
				MTL_FAST_MATH = YES;
				SDKROOT = iphoneos;
				SWIFT_COMPILATION_MODE = wholemodule;
				SWIFT_OPTIMIZATION_LEVEL = "-O";
				VALIDATE_PRODUCT = YES;
			};
			name = Release;
		};
		A87A9DAE298C7E6E00D39D93 /* Debug */ = {
			isa = XCBuildConfiguration;
			buildSettings = {
				ASSETCATALOG_COMPILER_APPICON_NAME = AppIcon;
				ASSETCATALOG_COMPILER_GLOBAL_ACCENT_COLOR_NAME = AccentColor;
				CODE_SIGN_STYLE = Automatic;
				CURRENT_PROJECT_VERSION = 1;
				DEVELOPMENT_TEAM = 5FVXEA24XF;
				GENERATE_INFOPLIST_FILE = YES;
				INFOPLIST_FILE = MovieHub/Info.plist;
				INFOPLIST_KEY_UIApplicationSupportsIndirectInputEvents = YES;
				INFOPLIST_KEY_UILaunchStoryboardName = LaunchScreen;
				INFOPLIST_KEY_UIMainStoryboardFile = Main;
				INFOPLIST_KEY_UISupportedInterfaceOrientations_iPad = "UIInterfaceOrientationPortrait UIInterfaceOrientationPortraitUpsideDown UIInterfaceOrientationLandscapeLeft UIInterfaceOrientationLandscapeRight";
				INFOPLIST_KEY_UISupportedInterfaceOrientations_iPhone = "UIInterfaceOrientationPortrait UIInterfaceOrientationLandscapeLeft UIInterfaceOrientationLandscapeRight";
				IPHONEOS_DEPLOYMENT_TARGET = 13.0;
				LD_RUNPATH_SEARCH_PATHS = (
					"$(inherited)",
					"@executable_path/Frameworks",
				);
				MARKETING_VERSION = 1.0;
				PRODUCT_BUNDLE_IDENTIFIER = Atchu.MovieHub;
				PRODUCT_NAME = "$(TARGET_NAME)";
				SWIFT_EMIT_LOC_STRINGS = YES;
				SWIFT_VERSION = 5.0;
				TARGETED_DEVICE_FAMILY = "1,2";
			};
			name = Debug;
		};
		A87A9DAF298C7E6E00D39D93 /* Release */ = {
			isa = XCBuildConfiguration;
			buildSettings = {
				ASSETCATALOG_COMPILER_APPICON_NAME = AppIcon;
				ASSETCATALOG_COMPILER_GLOBAL_ACCENT_COLOR_NAME = AccentColor;
				CODE_SIGN_STYLE = Automatic;
				CURRENT_PROJECT_VERSION = 1;
				DEVELOPMENT_TEAM = 5FVXEA24XF;
				GENERATE_INFOPLIST_FILE = YES;
				INFOPLIST_FILE = MovieHub/Info.plist;
				INFOPLIST_KEY_UIApplicationSupportsIndirectInputEvents = YES;
				INFOPLIST_KEY_UILaunchStoryboardName = LaunchScreen;
				INFOPLIST_KEY_UIMainStoryboardFile = Main;
				INFOPLIST_KEY_UISupportedInterfaceOrientations_iPad = "UIInterfaceOrientationPortrait UIInterfaceOrientationPortraitUpsideDown UIInterfaceOrientationLandscapeLeft UIInterfaceOrientationLandscapeRight";
				INFOPLIST_KEY_UISupportedInterfaceOrientations_iPhone = "UIInterfaceOrientationPortrait UIInterfaceOrientationLandscapeLeft UIInterfaceOrientationLandscapeRight";
				IPHONEOS_DEPLOYMENT_TARGET = 13.0;
				LD_RUNPATH_SEARCH_PATHS = (
					"$(inherited)",
					"@executable_path/Frameworks",
				);
				MARKETING_VERSION = 1.0;
				PRODUCT_BUNDLE_IDENTIFIER = Atchu.MovieHub;
				PRODUCT_NAME = "$(TARGET_NAME)";
				SWIFT_EMIT_LOC_STRINGS = YES;
				SWIFT_VERSION = 5.0;
				TARGETED_DEVICE_FAMILY = "1,2";
			};
			name = Release;
		};
		A87A9DB1298C7E6E00D39D93 /* Debug */ = {
			isa = XCBuildConfiguration;
			buildSettings = {
				ALWAYS_EMBED_SWIFT_STANDARD_LIBRARIES = YES;
				BUNDLE_LOADER = "$(TEST_HOST)";
				CODE_SIGN_STYLE = Automatic;
				CURRENT_PROJECT_VERSION = 1;
				DEVELOPMENT_TEAM = 5FVXEA24XF;
				GENERATE_INFOPLIST_FILE = YES;
				IPHONEOS_DEPLOYMENT_TARGET = 16.2;
				MARKETING_VERSION = 1.0;
				PRODUCT_BUNDLE_IDENTIFIER = Atchu.MovieHubTests;
				PRODUCT_NAME = "$(TARGET_NAME)";
				SWIFT_EMIT_LOC_STRINGS = NO;
				SWIFT_VERSION = 5.0;
				TARGETED_DEVICE_FAMILY = "1,2";
				TEST_HOST = "$(BUILT_PRODUCTS_DIR)/MovieHub.app/$(BUNDLE_EXECUTABLE_FOLDER_PATH)/MovieHub";
			};
			name = Debug;
		};
		A87A9DB2298C7E6E00D39D93 /* Release */ = {
			isa = XCBuildConfiguration;
			buildSettings = {
				ALWAYS_EMBED_SWIFT_STANDARD_LIBRARIES = YES;
				BUNDLE_LOADER = "$(TEST_HOST)";
				CODE_SIGN_STYLE = Automatic;
				CURRENT_PROJECT_VERSION = 1;
				DEVELOPMENT_TEAM = 5FVXEA24XF;
				GENERATE_INFOPLIST_FILE = YES;
				IPHONEOS_DEPLOYMENT_TARGET = 16.2;
				MARKETING_VERSION = 1.0;
				PRODUCT_BUNDLE_IDENTIFIER = Atchu.MovieHubTests;
				PRODUCT_NAME = "$(TARGET_NAME)";
				SWIFT_EMIT_LOC_STRINGS = NO;
				SWIFT_VERSION = 5.0;
				TARGETED_DEVICE_FAMILY = "1,2";
				TEST_HOST = "$(BUILT_PRODUCTS_DIR)/MovieHub.app/$(BUNDLE_EXECUTABLE_FOLDER_PATH)/MovieHub";
			};
			name = Release;
		};
		A87A9DB4298C7E6E00D39D93 /* Debug */ = {
			isa = XCBuildConfiguration;
			buildSettings = {
				ALWAYS_EMBED_SWIFT_STANDARD_LIBRARIES = YES;
				CODE_SIGN_STYLE = Automatic;
				CURRENT_PROJECT_VERSION = 1;
				DEVELOPMENT_TEAM = 5FVXEA24XF;
				GENERATE_INFOPLIST_FILE = YES;
				MARKETING_VERSION = 1.0;
				PRODUCT_BUNDLE_IDENTIFIER = Atchu.MovieHubUITests;
				PRODUCT_NAME = "$(TARGET_NAME)";
				SWIFT_EMIT_LOC_STRINGS = NO;
				SWIFT_VERSION = 5.0;
				TARGETED_DEVICE_FAMILY = "1,2";
				TEST_TARGET_NAME = MovieHub;
			};
			name = Debug;
		};
		A87A9DB5298C7E6E00D39D93 /* Release */ = {
			isa = XCBuildConfiguration;
			buildSettings = {
				ALWAYS_EMBED_SWIFT_STANDARD_LIBRARIES = YES;
				CODE_SIGN_STYLE = Automatic;
				CURRENT_PROJECT_VERSION = 1;
				DEVELOPMENT_TEAM = 5FVXEA24XF;
				GENERATE_INFOPLIST_FILE = YES;
				MARKETING_VERSION = 1.0;
				PRODUCT_BUNDLE_IDENTIFIER = Atchu.MovieHubUITests;
				PRODUCT_NAME = "$(TARGET_NAME)";
				SWIFT_EMIT_LOC_STRINGS = NO;
				SWIFT_VERSION = 5.0;
				TARGETED_DEVICE_FAMILY = "1,2";
				TEST_TARGET_NAME = MovieHub;
			};
			name = Release;
		};
/* End XCBuildConfiguration section */

/* Begin XCConfigurationList section */
		A87A9D7E298C7E6900D39D93 /* Build configuration list for PBXProject "MovieHub" */ = {
			isa = XCConfigurationList;
			buildConfigurations = (
				A87A9DAB298C7E6E00D39D93 /* Debug */,
				A87A9DAC298C7E6E00D39D93 /* Release */,
			);
			defaultConfigurationIsVisible = 0;
			defaultConfigurationName = Release;
		};
		A87A9DAD298C7E6E00D39D93 /* Build configuration list for PBXNativeTarget "MovieHub" */ = {
			isa = XCConfigurationList;
			buildConfigurations = (
				A87A9DAE298C7E6E00D39D93 /* Debug */,
				A87A9DAF298C7E6E00D39D93 /* Release */,
			);
			defaultConfigurationIsVisible = 0;
			defaultConfigurationName = Release;
		};
		A87A9DB0298C7E6E00D39D93 /* Build configuration list for PBXNativeTarget "MovieHubTests" */ = {
			isa = XCConfigurationList;
			buildConfigurations = (
				A87A9DB1298C7E6E00D39D93 /* Debug */,
				A87A9DB2298C7E6E00D39D93 /* Release */,
			);
			defaultConfigurationIsVisible = 0;
			defaultConfigurationName = Release;
		};
		A87A9DB3298C7E6E00D39D93 /* Build configuration list for PBXNativeTarget "MovieHubUITests" */ = {
			isa = XCConfigurationList;
			buildConfigurations = (
				A87A9DB4298C7E6E00D39D93 /* Debug */,
				A87A9DB5298C7E6E00D39D93 /* Release */,
			);
			defaultConfigurationIsVisible = 0;
			defaultConfigurationName = Release;
		};
/* End XCConfigurationList section */

/* Begin XCRemoteSwiftPackageReference section */
		A8CD18922990672700F1782A /* XCRemoteSwiftPackageReference "AlamofireImage" */ = {
			isa = XCRemoteSwiftPackageReference;
			repositoryURL = "https://github.com/Alamofire/AlamofireImage.git";
			requirement = {
				kind = upToNextMajorVersion;
				minimumVersion = 4.0.0;
			};
		};
/* End XCRemoteSwiftPackageReference section */

/* Begin XCSwiftPackageProductDependency section */
		A8CD18932990672800F1782A /* AlamofireImage */ = {
			isa = XCSwiftPackageProductDependency;
			package = A8CD18922990672700F1782A /* XCRemoteSwiftPackageReference "AlamofireImage" */;
			productName = AlamofireImage;
		};
/* End XCSwiftPackageProductDependency section */
	};
	rootObject = A87A9D7B298C7E6900D39D93 /* Project object */;
}
